
Microsoft Visual Studio Solution File, Format Version 12.00
# Visual Studio Version 17
VisualStudioVersion = 17.7.34031.279
MinimumVisualStudioVersion = 10.0.40219.1
Project("{FAE04EC0-301F-11D3-BF4B-00C04F79EFBC}") = "ABP Server", "ABP Server.csproj", "{19DFF3E3-E50D-45A5-8144-3BF3901E38F9}"
EndProject
Project("{FAE04EC0-301F-11D3-BF4B-00C04F79EFBC}") = "ABP Client", "..\ABP Client\ABP Client.csproj", "{3137901C-B579-41BD-92C0-AD629DF85635}"
EndProject
Project("{2150E333-8FDC-42A3-9474-1A3956D46DE8}") = "Сore", "Сore", "{E9A57C88-8381-4BB8-AE07-46C3B8105481}"
EndProject
Project("{FAE04EC0-301F-11D3-BF4B-00C04F79EFBC}") = "ABP.AppCore", "..\ABP.AppCore\ABP.AppCore.csproj", "{2A660186-7F8C-4C67-8CEA-00A86735C549}"
EndProject
Project("{2150E333-8FDC-42A3-9474-1A3956D46DE8}") = "Data", "Data", "{D4BC8DC5-E20E-4068-A774-AD37AF6001D1}"
EndProject
Project("{FAE04EC0-301F-11D3-BF4B-00C04F79EFBC}") = "ABP.Repository", "..\ABP.Repository.EF\ABP.Repository.csproj", "{84D8FDF5-F6AC-400D-9512-780AA20C704D}"
EndProject
Project("{2150E333-8FDC-42A3-9474-1A3956D46DE8}") = "Application", "Application", "{E1EBA69B-2322-4836-B30C-48B771DDEC0C}"
EndProject
Project("{FAE04EC0-301F-11D3-BF4B-00C04F79EFBC}") = "ABP.Application", "..\ABP.Application\ABP.Application.csproj", "{7485B1F3-D33D-45DA-AF2D-4DF962766688}"
EndProject
Project("{2150E333-8FDC-42A3-9474-1A3956D46DE8}") = "Infrastructure", "Infrastructure", "{7313F6EE-1EB3-421D-B467-360D48E3BAF5}"
EndProject
Project("{FAE04EC0-301F-11D3-BF4B-00C04F79EFBC}") = "ABP.Infrastructure", "..\ABP.Infrastructure\ABP.Infrastructure.csproj", "{D4F9F753-BA1C-4C49-B56C-6A087D289BE3}"
EndProject
Global
	GlobalSection(SolutionConfigurationPlatforms) = preSolution
		Debug|Any CPU = Debug|Any CPU
		Release|Any CPU = Release|Any CPU
	EndGlobalSection
	GlobalSection(ProjectConfigurationPlatforms) = postSolution
		{19DFF3E3-E50D-45A5-8144-3BF3901E38F9}.Debug|Any CPU.ActiveCfg = Debug|Any CPU
		{19DFF3E3-E50D-45A5-8144-3BF3901E38F9}.Debug|Any CPU.Build.0 = Debug|Any CPU
		{19DFF3E3-E50D-45A5-8144-3BF3901E38F9}.Release|Any CPU.ActiveCfg = Release|Any CPU
		{19DFF3E3-E50D-45A5-8144-3BF3901E38F9}.Release|Any CPU.Build.0 = Release|Any CPU
		{3137901C-B579-41BD-92C0-AD629DF85635}.Debug|Any CPU.ActiveCfg = Debug|Any CPU
		{3137901C-B579-41BD-92C0-AD629DF85635}.Debug|Any CPU.Build.0 = Debug|Any CPU
		{3137901C-B579-41BD-92C0-AD629DF85635}.Release|Any CPU.ActiveCfg = Release|Any CPU
		{3137901C-B579-41BD-92C0-AD629DF85635}.Release|Any CPU.Build.0 = Release|Any CPU
		{2A660186-7F8C-4C67-8CEA-00A86735C549}.Debug|Any CPU.ActiveCfg = Debug|Any CPU
		{2A660186-7F8C-4C67-8CEA-00A86735C549}.Debug|Any CPU.Build.0 = Debug|Any CPU
		{2A660186-7F8C-4C67-8CEA-00A86735C549}.Release|Any CPU.ActiveCfg = Release|Any CPU
		{2A660186-7F8C-4C67-8CEA-00A86735C549}.Release|Any CPU.Build.0 = Release|Any CPU
		{84D8FDF5-F6AC-400D-9512-780AA20C704D}.Debug|Any CPU.ActiveCfg = Debug|Any CPU
		{84D8FDF5-F6AC-400D-9512-780AA20C704D}.Debug|Any CPU.Build.0 = Debug|Any CPU
		{84D8FDF5-F6AC-400D-9512-780AA20C704D}.Release|Any CPU.ActiveCfg = Release|Any CPU
		{84D8FDF5-F6AC-400D-9512-780AA20C704D}.Release|Any CPU.Build.0 = Release|Any CPU
		{7485B1F3-D33D-45DA-AF2D-4DF962766688}.Debug|Any CPU.ActiveCfg = Debug|Any CPU
		{7485B1F3-D33D-45DA-AF2D-4DF962766688}.Debug|Any CPU.Build.0 = Debug|Any CPU
		{7485B1F3-D33D-45DA-AF2D-4DF962766688}.Release|Any CPU.ActiveCfg = Release|Any CPU
		{7485B1F3-D33D-45DA-AF2D-4DF962766688}.Release|Any CPU.Build.0 = Release|Any CPU
		{D4F9F753-BA1C-4C49-B56C-6A087D289BE3}.Debug|Any CPU.ActiveCfg = Debug|Any CPU
		{D4F9F753-BA1C-4C49-B56C-6A087D289BE3}.Debug|Any CPU.Build.0 = Debug|Any CPU
		{D4F9F753-BA1C-4C49-B56C-6A087D289BE3}.Release|Any CPU.ActiveCfg = Release|Any CPU
		{D4F9F753-BA1C-4C49-B56C-6A087D289BE3}.Release|Any CPU.Build.0 = Release|Any CPU
	EndGlobalSection
	GlobalSection(SolutionProperties) = preSolution
		HideSolutionNode = FALSE
	EndGlobalSection
	GlobalSection(NestedProjects) = preSolution
		{2A660186-7F8C-4C67-8CEA-00A86735C549} = {E9A57C88-8381-4BB8-AE07-46C3B8105481}
		{84D8FDF5-F6AC-400D-9512-780AA20C704D} = {D4BC8DC5-E20E-4068-A774-AD37AF6001D1}
		{7485B1F3-D33D-45DA-AF2D-4DF962766688} = {E1EBA69B-2322-4836-B30C-48B771DDEC0C}
		{D4F9F753-BA1C-4C49-B56C-6A087D289BE3} = {7313F6EE-1EB3-421D-B467-360D48E3BAF5}
	EndGlobalSection
	GlobalSection(ExtensibilityGlobals) = postSolution
		SolutionGuid = {E1C2A735-503A-4FB6-9208-5994773073C7}
	EndGlobalSection
EndGlobal
